PODS:
  - CropView (0.1.6)
  - SwiftDocumentScanner (0.1.2):
    - CropView (= 0.1.6)

DEPENDENCIES:
  - CropView (from `https://github.com/Weang/CropView.git`)
  - SwiftDocumentScanner (from `../`)

EXTERNAL SOURCES:
  CropView:
    :git: https://github.com/Weang/CropView.git
  SwiftDocumentScanner:
    :path: "../"

CHECKOUT OPTIONS:
  CropView:
    :commit: fd4cb4d152abfa0d8c0746cb25300933e982c21d
    :git: https://github.com/Weang/CropView.git

SPEC CHECKSUMS:
  CropView: 305bef3d087944d5f48edc3aa9cb946b2c48dbd9
  SwiftDocumentScanner: 038c994209ca6e583884550a654f0f9c500c8d13

PODFILE CHECKSUM: 7a53d264922443ccf3f16e2b3ee3d4f00ac3611c

COCOAPODS: 1.9.3
